// !$*UTF8*$!
{
	archiveVersion = 1;
	classes = {
	};
	objectVersion = 50;
	objects = {

/* Begin PBXBuildFile section */
		1D62AC3320F5EABF0039C7CB /* AppDelegate.m in Sources */ = {isa = PBXBuildFile; fileRef = 1D62AC3220F5EABF0039C7CB /* AppDelegate.m */; };
		1D62AC3620F5EABF0039C7CB /* ViewController.m in Sources */ = {isa = PBXBuildFile; fileRef = 1D62AC3520F5EABF0039C7CB /* ViewController.m */; };
		1D62AC3920F5EABF0039C7CB /* Main.storyboard in Resources */ = {isa = PBXBuildFile; fileRef = 1D62AC3720F5EABF0039C7CB /* Main.storyboard */; };
		1D62AC3B20F5EAC30039C7CB /* Assets.xcassets in Resources */ = {isa = PBXBuildFile; fileRef = 1D62AC3A20F5EAC30039C7CB /* Assets.xcassets */; };
		1D62AC3E20F5EAC30039C7CB /* LaunchScreen.storyboard in Resources */ = {isa = PBXBuildFile; fileRef = 1D62AC3C20F5EAC30039C7CB /* LaunchScreen.storyboard */; };
		1D62AC4120F5EAC30039C7CB /* main.m in Sources */ = {isa = PBXBuildFile; fileRef = 1D62AC4020F5EAC30039C7CB /* main.m */; };
		1D62AC4B20F5EAC30039C7CB /* runtimeTests.m in Sources */ = {isa = PBXBuildFile; fileRef = 1D62AC4A20F5EAC30039C7CB /* runtimeTests.m */; };
		1D62AC5620F5EAC30039C7CB /* runtimeUITests.m in Sources */ = {isa = PBXBuildFile; fileRef = 1D62AC5520F5EAC30039C7CB /* runtimeUITests.m */; };
		1D62AC6520F5F5EB0039C7CB /* Person.m in Sources */ = {isa = PBXBuildFile; fileRef = 1D62AC6420F5F5EB0039C7CB /* Person.m */; };
/* End PBXBuildFile section */

/* Begin PBXContainerItemProxy section */
		1D62AC4720F5EAC30039C7CB /* PBXContainerItemProxy */ = {
			isa = PBXContainerItemProxy;
			containerPortal = 1D62AC2620F5EABF0039C7CB /* Project object */;
			proxyType = 1;
			remoteGlobalIDString = 1D62AC2D20F5EABF0039C7CB;
			remoteInfo = runtime;
		};
		1D62AC5220F5EAC30039C7CB /* PBXContainerItemProxy */ = {
			isa = PBXContainerItemProxy;
			containerPortal = 1D62AC2620F5EABF0039C7CB /* Project object */;
			proxyType = 1;
			remoteGlobalIDString = 1D62AC2D20F5EABF0039C7CB;
			remoteInfo = runtime;
		};
/* End PBXContainerItemProxy section */

/* Begin PBXFileReference section */
		1D62AC2E20F5EABF0039C7CB /* runtime.app */ = {isa = PBXFileReference; explicitFileType = wrapper.application; includeInIndex = 0; path = runtime.app; sourceTree = BUILT_PRODUCTS_DIR; };
		1D62AC3120F5EABF0039C7CB /* AppDelegate.h */ = {isa = PBXFileReference; lastKnownFileType = sourcecode.c.h; path = AppDelegate.h; sourceTree = "<group>"; };
		1D62AC3220F5EABF0039C7CB /* AppDelegate.m */ = {isa = PBXFileReference; lastKnownFileType = sourcecode.c.objc; path = AppDelegate.m; sourceTree = "<group>"; };
		1D62AC3420F5EABF0039C7CB /* ViewController.h */ = {isa = PBXFileReference; lastKnownFileType = sourcecode.c.h; path = ViewController.h; sourceTree = "<group>"; };
		1D62AC3520F5EABF0039C7CB /* ViewController.m */ = {isa = PBXFileReference; lastKnownFileType = sourcecode.c.objc; path = ViewController.m; sourceTree = "<group>"; };
		1D62AC3820F5EABF0039C7CB /* Base */ = {isa = PBXFileReference; lastKnownFileType = file.storyboard; name = Base; path = Base.lproj/Main.storyboard; sourceTree = "<group>"; };
		1D62AC3A20F5EAC30039C7CB /* Assets.xcassets */ = {isa = PBXFileReference; lastKnownFileType = folder.assetcatalog; path = Assets.xcassets; sourceTree = "<group>"; };
		1D62AC3D20F5EAC30039C7CB /* Base */ = {isa = PBXFileReference; lastKnownFileType = file.storyboard; name = Base; path = Base.lproj/LaunchScreen.storyboard; sourceTree = "<group>"; };
		1D62AC3F20F5EAC30039C7CB /* Info.plist */ = {isa = PBXFileReference; lastKnownFileType = text.plist.xml; path = Info.plist; sourceTree = "<group>"; };
		1D62AC4020F5EAC30039C7CB /* main.m */ = {isa = PBXFileReference; lastKnownFileType = sourcecode.c.objc; path = main.m; sourceTree = "<group>"; };
		1D62AC4620F5EAC30039C7CB /* runtimeTests.xctest */ = {isa = PBXFileReference; explicitFileType = wrapper.cfbundle; includeInIndex = 0; path = runtimeTests.xctest; sourceTree = BUILT_PRODUCTS_DIR; };
		1D62AC4A20F5EAC30039C7CB /* runtimeTests.m */ = {isa = PBXFileReference; lastKnownFileType = sourcecode.c.objc; path = runtimeTests.m; sourceTree = "<group>"; };
		1D62AC4C20F5EAC30039C7CB /* Info.plist */ = {isa = PBXFileReference; lastKnownFileType = text.plist.xml; path = Info.plist; sourceTree = "<group>"; };
		1D62AC5120F5EAC30039C7CB /* runtimeUITests.xctest */ = {isa = PBXFileReference; explicitFileType = wrapper.cfbundle; includeInIndex = 0; path = runtimeUITests.xctest; sourceTree = BUILT_PRODUCTS_DIR; };
		1D62AC5520F5EAC30039C7CB /* runtimeUITests.m */ = {isa = PBXFileReference; lastKnownFileType = sourcecode.c.objc; path = runtimeUITests.m; sourceTree = "<group>"; };
		1D62AC5720F5EAC30039C7CB /* Info.plist */ = {isa = PBXFileReference; lastKnownFileType = text.plist.xml; path = Info.plist; sourceTree = "<group>"; };
		1D62AC6320F5F5EB0039C7CB /* Person.h */ = {isa = PBXFileReference; lastKnownFileType = sourcecode.c.h; path = Person.h; sourceTree = "<group>"; };
		1D62AC6420F5F5EB0039C7CB /* Person.m */ = {isa = PBXFileReference; lastKnownFileType = sourcecode.c.objc; path = Person.m; sourceTree = "<group>"; };
/* End PBXFileReference section */

/* Begin PBXFrameworksBuildPhase section */
		1D62AC2B20F5EABF0039C7CB /* Frameworks */ = {
			isa = PBXFrameworksBuildPhase;
			buildActionMask = 2147483647;
			files = (
			);
			runOnlyForDeploymentPostprocessing = 0;
		};
		1D62AC4320F5EAC30039C7CB /* Frameworks */ = {
			isa = PBXFrameworksBuildPhase;
			buildActionMask = 2147483647;
			files = (
			);
			runOnlyForDeploymentPostprocessing = 0;
		};
		1D62AC4E20F5EAC30039C7CB /* Frameworks */ = {
			isa = PBXFrameworksBuildPhase;
			buildActionMask = 2147483647;
			files = (
			);
			runOnlyForDeploymentPostprocessing = 0;
		};
/* End PBXFrameworksBuildPhase section */

/* Begin PBXGroup section */
		1D62AC2520F5EABF0039C7CB = {
			isa = PBXGroup;
			children = (
				1D62AC3020F5EABF0039C7CB /* runtime */,
				1D62AC4920F5EAC30039C7CB /* runtimeTests */,
				1D62AC5420F5EAC30039C7CB /* runtimeUITests */,
				1D62AC2F20F5EABF0039C7CB /* Products */,
			);
			sourceTree = "<group>";
		};
		1D62AC2F20F5EABF0039C7CB /* Products */ = {
			isa = PBXGroup;
			children = (
				1D62AC2E20F5EABF0039C7CB /* runtime.app */,
				1D62AC4620F5EAC30039C7CB /* runtimeTests.xctest */,
				1D62AC5120F5EAC30039C7CB /* runtimeUITests.xctest */,
			);
			name = Products;
			sourceTree = "<group>";
		};
		1D62AC3020F5EABF0039C7CB /* runtime */ = {
			isa = PBXGroup;
			children = (
				1D62AC3120F5EABF0039C7CB /* AppDelegate.h */,
				1D62AC3220F5EABF0039C7CB /* AppDelegate.m */,
				1D62AC3420F5EABF0039C7CB /* ViewController.h */,
				1D62AC3520F5EABF0039C7CB /* ViewController.m */,
				1D62AC6320F5F5EB0039C7CB /* Person.h */,
				1D62AC6420F5F5EB0039C7CB /* Person.m */,
				1D62AC3720F5EABF0039C7CB /* Main.storyboard */,
				1D62AC3A20F5EAC30039C7CB /* Assets.xcassets */,
				1D62AC3C20F5EAC30039C7CB /* LaunchScreen.storyboard */,
				1D62AC3F20F5EAC30039C7CB /* Info.plist */,
				1D62AC4020F5EAC30039C7CB /* main.m */,
			);
			path = runtime;
			sourceTree = "<group>";
		};
		1D62AC4920F5EAC30039C7CB /* runtimeTests */ = {
			isa = PBXGroup;
			children = (
				1D62AC4A20F5EAC30039C7CB /* runtimeTests.m */,
				1D62AC4C20F5EAC30039C7CB /* Info.plist */,
			);
			path = runtimeTests;
			sourceTree = "<group>";
		};
		1D62AC5420F5EAC30039C7CB /* runtimeUITests */ = {
			isa = PBXGroup;
			children = (
				1D62AC5520F5EAC30039C7CB /* runtimeUITests.m */,
				1D62AC5720F5EAC30039C7CB /* Info.plist */,
			);
			path = runtimeUITests;
			sourceTree = "<group>";
		};
/* End PBXGroup section */

/* Begin PBXNativeTarget section */
		1D62AC2D20F5EABF0039C7CB /* runtime */ = {
			isa = PBXNativeTarget;
			buildConfigurationList = 1D62AC5A20F5EAC30039C7CB /* Build configuration list for PBXNativeTarget "runtime" */;
			buildPhases = (
				1D62AC2A20F5EABF0039C7CB /* Sources */,
				1D62AC2B20F5EABF0039C7CB /* Frameworks */,
				1D62AC2C20F5EABF0039C7CB /* Resources */,
			);
			buildRules = (
			);
			dependencies = (
			);
			name = runtime;
			productName = runtime;
			productReference = 1D62AC2E20F5EABF0039C7CB /* runtime.app */;
			productType = "com.apple.product-type.application";
		};
		1D62AC4520F5EAC30039C7CB /* runtimeTests */ = {
			isa = PBXNativeTarget;
			buildConfigurationList = 1D62AC5D20F5EAC30039C7CB /* Build configuration list for PBXNativeTarget "runtimeTests" */;
			buildPhases = (
				1D62AC4220F5EAC30039C7CB /* Sources */,
				1D62AC4320F5EAC30039C7CB /* Frameworks */,
				1D62AC4420F5EAC30039C7CB /* Resources */,
			);
			buildRules = (
			);
			dependencies = (
				1D62AC4820F5EAC30039C7CB /* PBXTargetDependency */,
			);
			name = runtimeTests;
			productName = runtimeTests;
			productReference = 1D62AC4620F5EAC30039C7CB /* runtimeTests.xctest */;
			productType = "com.apple.product-type.bundle.unit-test";
		};
		1D62AC5020F5EAC30039C7CB /* runtimeUITests */ = {
			isa = PBXNativeTarget;
			buildConfigurationList = 1D62AC6020F5EAC30039C7CB /* Build configuration list for PBXNativeTarget "runtimeUITests" */;
			buildPhases = (
				1D62AC4D20F5EAC30039C7CB /* Sources */,
				1D62AC4E20F5EAC30039C7CB /* Frameworks */,
				1D62AC4F20F5EAC30039C7CB /* Resources */,
			);
			buildRules = (
			);
			dependencies = (
				1D62AC5320F5EAC30039C7CB /* PBXTargetDependency */,
			);
			name = runtimeUITests;
			productName = runtimeUITests;
			productReference = 1D62AC5120F5EAC30039C7CB /* runtimeUITests.xctest */;
			productType = "com.apple.product-type.bundle.ui-testing";
		};
/* End PBXNativeTarget section */

/* Begin PBXProject section */
		1D62AC2620F5EABF0039C7CB /* Project object */ = {
			isa = PBXProject;
			attributes = {
				LastUpgradeCheck = 0940;
				ORGANIZATIONNAME = "曾觉新";
				TargetAttributes = {
					1D62AC2D20F5EABF0039C7CB = {
						CreatedOnToolsVersion = 9.4.1;
					};
					1D62AC4520F5EAC30039C7CB = {
						CreatedOnToolsVersion = 9.4.1;
						TestTargetID = 1D62AC2D20F5EABF0039C7CB;
					};
					1D62AC5020F5EAC30039C7CB = {
						CreatedOnToolsVersion = 9.4.1;
						TestTargetID = 1D62AC2D20F5EABF0039C7CB;
					};
				};
			};
			buildConfigurationList = 1D62AC2920F5EABF0039C7CB /* Build configuration list for PBXProject "runtime" */;
			compatibilityVersion = "Xcode 9.3";
			developmentRegion = en;
			hasScannedForEncodings = 0;
			knownRegions = (
				en,
				Base,
			);
			mainGroup = 1D62AC2520F5EABF0039C7CB;
			productRefGroup = 1D62AC2F20F5EABF0039C7CB /* Products */;
			projectDirPath = "";
			projectRoot = "";
			targets = (
				1D62AC2D20F5EABF0039C7CB /* runtime */,
				1D62AC4520F5EAC30039C7CB /* runtimeTests */,
				1D62AC5020F5EAC30039C7CB /* runtimeUITests */,
			);
		};
/* End PBXProject section */

/* Begin PBXResourcesBuildPhase section */
		1D62AC2C20F5EABF0039C7CB /* Resources */ = {
			isa = PBXResourcesBuildPhase;
			buildActionMask = 2147483647;
			files = (
				1D62AC3E20F5EAC30039C7CB /* LaunchScreen.storyboard in Resources */,
				1D62AC3B20F5EAC30039C7CB /* Assets.xcassets in Resources */,
				1D62AC3920F5EABF0039C7CB /* Main.storyboard in Resources */,
			);
			runOnlyForDeploymentPostprocessing = 0;
		};
		1D62AC4420F5EAC30039C7CB /* Resources */ = {
			isa = PBXResourcesBuildPhase;
			buildActionMask = 2147483647;
			files = (
			);
			runOnlyForDeploymentPostprocessing = 0;
		};
		1D62AC4F20F5EAC30039C7CB /* Resources */ = {
			isa = PBXResourcesBuildPhase;
			buildActionMask = 2147483647;
			files = (
			);
			runOnlyForDeploymentPostprocessing = 0;
		};
/* End PBXResourcesBuildPhase section */

/* Begin PBXSourcesBuildPhase section */
		1D62AC2A20F5EABF0039C7CB /* Sources */ = {
			isa = PBXSourcesBuildPhase;
			buildActionMask = 2147483647;
			files = (
				1D62AC3620F5EABF0039C7CB /* ViewController.m in Sources */,
				1D62AC4120F5EAC30039C7CB /* main.m in Sources */,
				1D62AC6520F5F5EB0039C7CB /* Person.m in Sources */,
				1D62AC3320F5EABF0039C7CB /* AppDelegate.m in Sources */,
			);
			runOnlyForDeploymentPostprocessing = 0;
		};
		1D62AC4220F5EAC30039C7CB /* Sources */ = {
			isa = PBXSourcesBuildPhase;
			buildActionMask = 2147483647;
			files = (
				1D62AC4B20F5EAC30039C7CB /* runtimeTests.m in Sources */,
			);
			runOnlyForDeploymentPostprocessing = 0;
		};
		1D62AC4D20F5EAC30039C7CB /* Sources */ = {
			isa = PBXSourcesBuildPhase;
			buildActionMask = 2147483647;
			files = (
				1D62AC5620F5EAC30039C7CB /* runtimeUITests.m in Sources */,
			);
			runOnlyForDeploymentPostprocessing = 0;
		};
/* End PBXSourcesBuildPhase section */

/* Begin PBXTargetDependency section */
		1D62AC4820F5EAC30039C7CB /* PBXTargetDependency */ = {
			isa = PBXTargetDependency;
			target = 1D62AC2D20F5EABF0039C7CB /* runtime */;
			targetProxy = 1D62AC4720F5EAC30039C7CB /* PBXContainerItemProxy */;
		};
		1D62AC5320F5EAC30039C7CB /* PBXTargetDependency */ = {
			isa = PBXTargetDependency;
			target = 1D62AC2D20F5EABF0039C7CB /* runtime */;
			targetProxy = 1D62AC5220F5EAC30039C7CB /* PBXContainerItemProxy */;
		};
/* End PBXTargetDependency section */

/* Begin PBXVariantGroup section */
		1D62AC3720F5EABF0039C7CB /* Main.storyboard */ = {
			isa = PBXVariantGroup;
			children = (
				1D62AC3820F5EABF0039C7CB /* Base */,
			);
			name = Main.storyboard;
			sourceTree = "<group>";
		};
		1D62AC3C20F5EAC30039C7CB /* LaunchScreen.storyboard */ = {
			isa = PBXVariantGroup;
			children = (
				1D62AC3D20F5EAC30039C7CB /* Base */,
			);
			name = LaunchScreen.storyboard;
			sourceTree = "<group>";
		};
/* End PBXVariantGroup section */

/* Begin XCBuildConfiguration section */
		1D62AC5820F5EAC30039C7CB /* Debug */ = {
			isa = XCBuildConfiguration;
			buildSettings = {
				ALWAYS_SEARCH_USER_PATHS = NO;
				CLANG_ANALYZER_NONNULL = YES;
				CLANG_ANALYZER_NUMBER_OBJECT_CONVERSION = YES_AGGRESSIVE;
				CLANG_CXX_LANGUAGE_STANDARD = "gnu++14";
				CLANG_CXX_LIBRARY = "libc++";
				CLANG_ENABLE_MODULES = YES;
				CLANG_ENABLE_OBJC_ARC = YES;
				CLANG_ENABLE_OBJC_WEAK = YES;
				CLANG_WARN_BLOCK_CAPTURE_AUTORELEASING = YES;
				CLANG_WARN_BOOL_CONVERSION = YES;
				CLANG_WARN_COMMA = YES;
				CLANG_WARN_CONSTANT_CONVERSION = YES;
				CLANG_WARN_DEPRECATED_OBJC_IMPLEMENTATIONS = YES;
				CLANG_WARN_DIRECT_OBJC_ISA_USAGE = YES_ERROR;
				CLANG_WARN_DOCUMENTATION_COMMENTS = YES;
				CLANG_WARN_EMPTY_BODY = YES;
				CLANG_WARN_ENUM_CONVERSION = YES;
				CLANG_WARN_INFINITE_RECURSION = YES;
				CLANG_WARN_INT_CONVERSION = YES;
				CLANG_WARN_NON_LITERAL_NULL_CONVERSION = YES;
				CLANG_WARN_OBJC_IMPLICIT_RETAIN_SELF = YES;
				CLANG_WARN_OBJC_LITERAL_CONVERSION = YES;
				CLANG_WARN_OBJC_ROOT_CLASS = YES_ERROR;
				CLANG_WARN_RANGE_LOOP_ANALYSIS = YES;
				CLANG_WARN_STRICT_PROTOTYPES = YES;
				CLANG_WARN_SUSPICIOUS_MOVE = YES;
				CLANG_WARN_UNGUARDED_AVAILABILITY = YES_AGGRESSIVE;
				CLANG_WARN_UNREACHABLE_CODE = YES;
				CLANG_WARN__DUPLICATE_METHOD_MATCH = YES;
				CODE_SIGN_IDENTITY = "iPhone Developer";
				COPY_PHASE_STRIP = NO;
				DEBUG_INFORMATION_FORMAT = dwarf;
				ENABLE_STRICT_OBJC_MSGSEND = YES;
				ENABLE_TESTABILITY = YES;
				GCC_C_LANGUAGE_STANDARD = gnu11;
				GCC_DYNAMIC_NO_PIC = NO;
				GCC_NO_COMMON_BLOCKS = YES;
				GCC_OPTIMIZATION_LEVEL = 0;
				GCC_PREPROCESSOR_DEFINITIONS = (
					"DEBUG=1",
					"$(inherited)",
				);
				GCC_WARN_64_TO_32_BIT_CONVERSION = YES;
				GCC_WARN_ABOUT_RETURN_TYPE = YES_ERROR;
				GCC_WARN_UNDECLARED_SELECTOR = YES;
				GCC_WARN_UNINITIALIZED_AUTOS = YES_AGGRESSIVE;
				GCC_WARN_UNUSED_FUNCTION = YES;
				GCC_WARN_UNUSED_VARIABLE = YES;
				IPHONEOS_DEPLOYMENT_TARGET = 11.4;
				MTL_ENABLE_DEBUG_INFO = YES;
				ONLY_ACTIVE_ARCH = YES;
				SDKROOT = iphoneos;
			};
			name = Debug;
		};
		1D62AC5920F5EAC30039C7CB /* Release */ = {
			isa = XCBuildConfiguration;
			buildSettings = {
				ALWAYS_SEARCH_USER_PATHS = NO;
				CLANG_ANALYZER_NONNULL = YES;
				CLANG_ANALYZER_NUMBER_OBJECT_CONVERSION = YES_AGGRESSIVE;
				CLANG_CXX_LANGUAGE_STANDARD = "gnu++14";
				CLANG_CXX_LIBRARY = "libc++";
				CLANG_ENABLE_MODULES = YES;
				CLANG_ENABLE_OBJC_ARC = YES;
				CLANG_ENABLE_OBJC_WEAK = YES;
				CLANG_WARN_BLOCK_CAPTURE_AUTORELEASING = YES;
				CLANG_WARN_BOOL_CONVERSION = YES;
				CLANG_WARN_COMMA = YES;
				CLANG_WARN_CONSTANT_CONVERSION = YES;
				CLANG_WARN_DEPRECATED_OBJC_IMPLEMENTATIONS = YES;
				CLANG_WARN_DIRECT_OBJC_ISA_USAGE = YES_ERROR;
				CLANG_WARN_DOCUMENTATION_COMMENTS = YES;
				CLANG_WARN_EMPTY_BODY = YES;
				CLANG_WARN_ENUM_CONVERSION = YES;
				CLANG_WARN_INFINITE_RECURSION = YES;
				CLANG_WARN_INT_CONVERSION = YES;
				CLANG_WARN_NON_LITERAL_NULL_CONVERSION = YES;
				CLANG_WARN_OBJC_IMPLICIT_RETAIN_SELF = YES;
				CLANG_WARN_OBJC_LITERAL_CONVERSION = YES;
				CLANG_WARN_OBJC_ROOT_CLASS = YES_ERROR;
				CLANG_WARN_RANGE_LOOP_ANALYSIS = YES;
				CLANG_WARN_STRICT_PROTOTYPES = YES;
				CLANG_WARN_SUSPICIOUS_MOVE = YES;
				CLANG_WARN_UNGUARDED_AVAILABILITY = YES_AGGRESSIVE;
				CLANG_WARN_UNREACHABLE_CODE = YES;
				CLANG_WARN__DUPLICATE_METHOD_MATCH = YES;
				CODE_SIGN_IDENTITY = "iPhone Developer";
				COPY_PHASE_STRIP = NO;
				DEBUG_INFORMATION_FORMAT = "dwarf-with-dsym";
				ENABLE_NS_ASSERTIONS = NO;
				ENABLE_STRICT_OBJC_MSGSEND = YES;
				GCC_C_LANGUAGE_STANDARD = gnu11;
				GCC_NO_COMMON_BLOCKS = YES;
				GCC_WARN_64_TO_32_BIT_CONVERSION = YES;
				GCC_WARN_ABOUT_RETURN_TYPE = YES_ERROR;
				GCC_WARN_UNDECLARED_SELECTOR = YES;
				GCC_WARN_UNINITIALIZED_AUTOS = YES_AGGRESSIVE;
				GCC_WARN_UNUSED_FUNCTION = YES;
				GCC_WARN_UNUSED_VARIABLE = YES;
				IPHONEOS_DEPLOYMENT_TARGET = 11.4;
				MTL_ENABLE_DEBUG_INFO = NO;
				SDKROOT = iphoneos;
				VALIDATE_PRODUCT = YES;
			};
			name = Release;
		};
		1D62AC5B20F5EAC30039C7CB /* Debug */ = {
			isa = XCBuildConfiguration;
			buildSettings = {
				ASSETCATALOG_COMPILER_APPICON_NAME = AppIcon;
				CODE_SIGN_STYLE = Manual;
				DEVELOPMENT_TEAM = FUSVT7Q66H;
				INFOPLIST_FILE = runtime/Info.plist;
				LD_RUNPATH_SEARCH_PATHS = (
					"$(inherited)",
					"@executable_path/Frameworks",
				);
				PRODUCT_BUNDLE_IDENTIFIER = com.wdzj.runtime;
				PRODUCT_NAME = "$(TARGET_NAME)";
				PROVISIONING_PROFILE = "e0abcb2f-6316-4bc4-ae13-27b52a168c05";
				PROVISIONING_PROFILE_SPECIFIER = test722;
				TARGETED_DEVICE_FAMILY = "1,2";
			};
			name = Debug;
		};
		1D62AC5C20F5EAC30039C7CB /* Release */ = {
			isa = XCBuildConfiguration;
			buildSettings = {
				ASSETCATALOG_COMPILER_APPICON_NAME = AppIcon;
				CODE_SIGN_STYLE = Manual;
				DEVELOPMENT_TEAM = "";
				INFOPLIST_FILE = runtime/Info.plist;
				LD_RUNPATH_SEARCH_PATHS = (
					"$(inherited)",
					"@executable_path/Frameworks",
				);
				PRODUCT_BUNDLE_IDENTIFIER = com.wdzj.runtime;
				PRODUCT_NAME = "$(TARGET_NAME)";
				PROVISIONING_PROFILE_SPECIFIER = "";
				TARGETED_DEVICE_FAMILY = "1,2";
			};
			name = Release;
		};
		1D62AC5E20F5EAC30039C7CB /* Debug */ = {
			isa = XCBuildConfiguration;
			buildSettings = {
				BUNDLE_LOADER = "$(TEST_HOST)";
				CODE_SIGN_STYLE = Automatic;
				DEVELOPMENT_TEAM = FUSVT7Q66H;
				INFOPLIST_FILE = runtimeTests/Info.plist;
				LD_RUNPATH_SEARCH_PATHS = (
					"$(inherited)",
					"@executable_path/Frameworks",
					"@loader_path/Frameworks",
				);
				PRODUCT_BUNDLE_IDENTIFIER = com.wdzj.runtimeTests;
				PRODUCT_NAME = "$(TARGET_NAME)";
				TARGETED_DEVICE_FAMILY = "1,2";
				TEST_HOST = "$(BUILT_PRODUCTS_DIR)/runtime.app/runtime";
			};
			name = Debug;
		};
		1D62AC5F20F5EAC30039C7CB /* Release */ = {
			isa = XCBuildConfiguration;
			buildSettings = {
				BUNDLE_LOADER = "$(TEST_HOST)";
				CODE_SIGN_STYLE = Automatic;
				DEVELOPMENT_TEAM = FUSVT7Q66H;
				INFOPLIST_FILE = runtimeTests/Info.plist;
				LD_RUNPATH_SEARCH_PATHS = (
					"$(inherited)",
					"@executable_path/Frameworks",
					"@loader_path/Frameworks",
				);
				PRODUCT_BUNDLE_IDENTIFIER = com.wdzj.runtimeTests;
				PRODUCT_NAME = "$(TARGET_NAME)";
				TARGETED_DEVICE_FAMILY = "1,2";
				TEST_HOST = "$(BUILT_PRODUCTS_DIR)/runtime.app/runtime";
			};
			name = Release;
		};
		1D62AC6120F5EAC30039C7CB /* Debug */ = {
			isa = XCBuildConfiguration;
			buildSettings = {
				CODE_SIGN_STYLE = Automatic;
				DEVELOPMENT_TEAM = FUSVT7Q66H;
				INFOPLIST_FILE = runtimeUITests/Info.plist;
				LD_RUNPATH_SEARCH_PATHS = (
					"$(inherited)",
					"@executable_path/Frameworks",
					"@loader_path/Frameworks",
				);
				PRODUCT_BUNDLE_IDENTIFIER = com.wdzj.runtimeUITests;
				PRODUCT_NAME = "$(TARGET_NAME)";
				TARGETED_DEVICE_FAMILY = "1,2";
				TEST_TARGET_NAME = runtime;
			};
			name = Debug;
		};
		1D62AC6220F5EAC30039C7CB /* Release */ = {
			isa = XCBuildConfiguration;
			buildSettings = {
				CODE_SIGN_STYLE = Automatic;
				DEVELOPMENT_TEAM = FUSVT7Q66H;
				INFOPLIST_FILE = runtimeUITests/Info.plist;
				LD_RUNPATH_SEARCH_PATHS = (
					"$(inherited)",
					"@executable_path/Frameworks",
					"@loader_path/Frameworks",
				);
				PRODUCT_BUNDLE_IDENTIFIER = com.wdzj.runtimeUITests;
				PRODUCT_NAME = "$(TARGET_NAME)";
				TARGETED_DEVICE_FAMILY = "1,2";
				TEST_TARGET_NAME = runtime;
			};
			name = Release;
		};
/* End XCBuildConfiguration section */

/* Begin XCConfigurationList section */
		1D62AC2920F5EABF0039C7CB /* Build configuration list for PBXProject "runtime" */ = {
			isa = XCConfigurationList;
			buildConfigurations = (
				1D62AC5820F5EAC30039C7CB /* Debug */,
				1D62AC5920F5EAC30039C7CB /* Release */,
			);
			defaultConfigurationIsVisible = 0;
			defaultConfigurationName = Release;
		};
		1D62AC5A20F5EAC30039C7CB /* Build configuration list for PBXNativeTarget "runtime" */ = {
			isa = XCConfigurationList;
			buildConfigurations = (
				1D62AC5B20F5EAC30039C7CB /* Debug */,
				1D62AC5C20F5EAC30039C7CB /* Release */,
			);
			defaultConfigurationIsVisible = 0;
			defaultConfigurationName = Release;
		};
		1D62AC5D20F5EAC30039C7CB /* Build configuration list for PBXNativeTarget "runtimeTests" */ = {
			isa = XCConfigurationList;
			buildConfigurations = (
				1D62AC5E20F5EAC30039C7CB /* Debug */,
				1D62AC5F20F5EAC30039C7CB /* Release */,
			);
			defaultConfigurationIsVisible = 0;
			defaultConfigurationName = Release;
		};
		1D62AC6020F5EAC30039C7CB /* Build configuration list for PBXNativeTarget "runtimeUITests" */ = {
			isa = XCConfigurationList;
			buildConfigurations = (
				1D62AC6120F5EAC30039C7CB /* Debug */,
				1D62AC6220F5EAC30039C7CB /* Release */,
			);
			defaultConfigurationIsVisible = 0;
			defaultConfigurationName = Release;
		};
/* End XCConfigurationList section */
	};
	rootObject = 1D62AC2620F5EABF0039C7CB /* Project object */;
}
